// !$*UTF8*$!
{
	archiveVersion = 1;
	classes = {
	};
	objectVersion = 46;
	objects = {

/* Begin PBXBuildFile section */
		060196021F3733C300D145E7 /* AppDelegate.swift in Sources */ = {isa = PBXBuildFile; fileRef = 060196011F3733C300D145E7 /* AppDelegate.swift */; };
		060196071F3733C300D145E7 /* Main.storyboard in Resources */ = {isa = PBXBuildFile; fileRef = 060196051F3733C300D145E7 /* Main.storyboard */; };
		060196091F3733C300D145E7 /* Assets.xcassets in Resources */ = {isa = PBXBuildFile; fileRef = 060196081F3733C300D145E7 /* Assets.xcassets */; };
		0601960C1F3733C300D145E7 /* LaunchScreen.storyboard in Resources */ = {isa = PBXBuildFile; fileRef = 0601960A1F3733C300D145E7 /* LaunchScreen.storyboard */; };
		060196171F3733C300D145E7 /* catiniTests.swift in Sources */ = {isa = PBXBuildFile; fileRef = 060196161F3733C300D145E7 /* catiniTests.swift */; };
		060196221F3733C300D145E7 /* catiniUITests.swift in Sources */ = {isa = PBXBuildFile; fileRef = 060196211F3733C300D145E7 /* catiniUITests.swift */; };
		060196351F37350F00D145E7 /* ImageViewController.swift in Sources */ = {isa = PBXBuildFile; fileRef = 060196341F37350F00D145E7 /* ImageViewController.swift */; };
		060196371F3741A900D145E7 /* DemoURL.swift in Sources */ = {isa = PBXBuildFile; fileRef = 060196361F3741A900D145E7 /* DemoURL.swift */; };
/* End PBXBuildFile section */

/* Begin PBXContainerItemProxy section */
		060196131F3733C300D145E7 /* PBXContainerItemProxy */ = {
			isa = PBXContainerItemProxy;
			containerPortal = 060195F61F3733C300D145E7 /* Project object */;
			proxyType = 1;
			remoteGlobalIDString = 060195FD1F3733C300D145E7;
			remoteInfo = catini;
		};
		0601961E1F3733C300D145E7 /* PBXContainerItemProxy */ = {
			isa = PBXContainerItemProxy;
			containerPortal = 060195F61F3733C300D145E7 /* Project object */;
			proxyType = 1;
			remoteGlobalIDString = 060195FD1F3733C300D145E7;
			remoteInfo = catini;
		};
/* End PBXContainerItemProxy section */

/* Begin PBXFileReference section */
		060195FE1F3733C300D145E7 /* catini.app */ = {isa = PBXFileReference; explicitFileType = wrapper.application; includeInIndex = 0; path = catini.app; sourceTree = BUILT_PRODUCTS_DIR; };
		060196011F3733C300D145E7 /* AppDelegate.swift */ = {isa = PBXFileReference; lastKnownFileType = sourcecode.swift; path = AppDelegate.swift; sourceTree = "<group>"; };
		060196061F3733C300D145E7 /* Base */ = {isa = PBXFileReference; lastKnownFileType = file.storyboard; name = Base; path = Base.lproj/Main.storyboard; sourceTree = "<group>"; };
		060196081F3733C300D145E7 /* Assets.xcassets */ = {isa = PBXFileReference; lastKnownFileType = folder.assetcatalog; path = Assets.xcassets; sourceTree = "<group>"; };
		0601960B1F3733C300D145E7 /* Base */ = {isa = PBXFileReference; lastKnownFileType = file.storyboard; name = Base; path = Base.lproj/LaunchScreen.storyboard; sourceTree = "<group>"; };
		0601960D1F3733C300D145E7 /* Info.plist */ = {isa = PBXFileReference; lastKnownFileType = text.plist.xml; path = Info.plist; sourceTree = "<group>"; };
		060196121F3733C300D145E7 /* catiniTests.xctest */ = {isa = PBXFileReference; explicitFileType = wrapper.cfbundle; includeInIndex = 0; path = catiniTests.xctest; sourceTree = BUILT_PRODUCTS_DIR; };
		060196161F3733C300D145E7 /* catiniTests.swift */ = {isa = PBXFileReference; lastKnownFileType = sourcecode.swift; path = catiniTests.swift; sourceTree = "<group>"; };
		060196181F3733C300D145E7 /* Info.plist */ = {isa = PBXFileReference; lastKnownFileType = text.plist.xml; path = Info.plist; sourceTree = "<group>"; };
		0601961D1F3733C300D145E7 /* catiniUITests.xctest */ = {isa = PBXFileReference; explicitFileType = wrapper.cfbundle; includeInIndex = 0; path = catiniUITests.xctest; sourceTree = BUILT_PRODUCTS_DIR; };
		060196211F3733C300D145E7 /* catiniUITests.swift */ = {isa = PBXFileReference; lastKnownFileType = sourcecode.swift; path = catiniUITests.swift; sourceTree = "<group>"; };
		060196231F3733C300D145E7 /* Info.plist */ = {isa = PBXFileReference; lastKnownFileType = text.plist.xml; path = Info.plist; sourceTree = "<group>"; };
		060196341F37350F00D145E7 /* ImageViewController.swift */ = {isa = PBXFileReference; fileEncoding = 4; lastKnownFileType = sourcecode.swift; name = ImageViewController.swift; path = ../ImageViewController.swift; sourceTree = "<group>"; };
		060196361F3741A900D145E7 /* DemoURL.swift */ = {isa = PBXFileReference; fileEncoding = 4; lastKnownFileType = sourcecode.swift; path = DemoURL.swift; sourceTree = "<group>"; };
/* End PBXFileReference section */

/* Begin PBXFrameworksBuildPhase section */
		060195FB1F3733C300D145E7 /* Frameworks */ = {
			isa = PBXFrameworksBuildPhase;
			buildActionMask = 2147483647;
			files = (
			);
			runOnlyForDeploymentPostprocessing = 0;
		};
		0601960F1F3733C300D145E7 /* Frameworks */ = {
			isa = PBXFrameworksBuildPhase;
			buildActionMask = 2147483647;
			files = (
			);
			runOnlyForDeploymentPostprocessing = 0;
		};
		0601961A1F3733C300D145E7 /* Frameworks */ = {
			isa = PBXFrameworksBuildPhase;
			buildActionMask = 2147483647;
			files = (
			);
			runOnlyForDeploymentPostprocessing = 0;
		};
/* End PBXFrameworksBuildPhase section */

/* Begin PBXGroup section */
		060195F51F3733C300D145E7 = {
			isa = PBXGroup;
			children = (
				060196001F3733C300D145E7 /* catini */,
				060196151F3733C300D145E7 /* catiniTests */,
				060196201F3733C300D145E7 /* catiniUITests */,
				060195FF1F3733C300D145E7 /* Products */,
			);
			sourceTree = "<group>";
		};
		060195FF1F3733C300D145E7 /* Products */ = {
			isa = PBXGroup;
			children = (
				060195FE1F3733C300D145E7 /* catini.app */,
				060196121F3733C300D145E7 /* catiniTests.xctest */,
				0601961D1F3733C300D145E7 /* catiniUITests.xctest */,
			);
			name = Products;
			sourceTree = "<group>";
		};
		060196001F3733C300D145E7 /* catini */ = {
			isa = PBXGroup;
			children = (
				060196341F37350F00D145E7 /* ImageViewController.swift */,
				060196051F3733C300D145E7 /* Main.storyboard */,
				060196361F3741A900D145E7 /* DemoURL.swift */,
				0601960D1F3733C300D145E7 /* Info.plist */,
				0601962F1F3733E600D145E7 /* Supporting file */,
			);
			path = catini;
			sourceTree = "<group>";
		};
		060196151F3733C300D145E7 /* catiniTests */ = {
			isa = PBXGroup;
			children = (
				060196161F3733C300D145E7 /* catiniTests.swift */,
				060196181F3733C300D145E7 /* Info.plist */,
			);
			path = catiniTests;
			sourceTree = "<group>";
		};
		060196201F3733C300D145E7 /* catiniUITests */ = {
			isa = PBXGroup;
			children = (
				060196211F3733C300D145E7 /* catiniUITests.swift */,
				060196231F3733C300D145E7 /* Info.plist */,
			);
			path = catiniUITests;
			sourceTree = "<group>";
		};
		0601962F1F3733E600D145E7 /* Supporting file */ = {
			isa = PBXGroup;
			children = (
				060196011F3733C300D145E7 /* AppDelegate.swift */,
				060196081F3733C300D145E7 /* Assets.xcassets */,
				0601960A1F3733C300D145E7 /* LaunchScreen.storyboard */,
			);
			name = "Supporting file";
			sourceTree = "<group>";
		};
/* End PBXGroup section */

/* Begin PBXNativeTarget section */
		060195FD1F3733C300D145E7 /* catini */ = {
			isa = PBXNativeTarget;
			buildConfigurationList = 060196261F3733C300D145E7 /* Build configuration list for PBXNativeTarget "catini" */;
			buildPhases = (
				060195FA1F3733C300D145E7 /* Sources */,
				060195FB1F3733C300D145E7 /* Frameworks */,
				060195FC1F3733C300D145E7 /* Resources */,
			);
			buildRules = (
			);
			dependencies = (
			);
			name = catini;
			productName = catini;
			productReference = 060195FE1F3733C300D145E7 /* catini.app */;
			productType = "com.apple.product-type.application";
		};
		060196111F3733C300D145E7 /* catiniTests */ = {
			isa = PBXNativeTarget;
			buildConfigurationList = 060196291F3733C300D145E7 /* Build configuration list for PBXNativeTarget "catiniTests" */;
			buildPhases = (
				0601960E1F3733C300D145E7 /* Sources */,
				0601960F1F3733C300D145E7 /* Frameworks */,
				060196101F3733C300D145E7 /* Resources */,
			);
			buildRules = (
			);
			dependencies = (
				060196141F3733C300D145E7 /* PBXTargetDependency */,
			);
			name = catiniTests;
			productName = catiniTests;
			productReference = 060196121F3733C300D145E7 /* catiniTests.xctest */;
			productType = "com.apple.product-type.bundle.unit-test";
		};
		0601961C1F3733C300D145E7 /* catiniUITests */ = {
			isa = PBXNativeTarget;
			buildConfigurationList = 0601962C1F3733C300D145E7 /* Build configuration list for PBXNativeTarget "catiniUITests" */;
			buildPhases = (
				060196191F3733C300D145E7 /* Sources */,
				0601961A1F3733C300D145E7 /* Frameworks */,
				0601961B1F3733C300D145E7 /* Resources */,
			);
			buildRules = (
			);
			dependencies = (
				0601961F1F3733C300D145E7 /* PBXTargetDependency */,
			);
			name = catiniUITests;
			productName = catiniUITests;
			productReference = 0601961D1F3733C300D145E7 /* catiniUITests.xctest */;
			productType = "com.apple.product-type.bundle.ui-testing";
		};
/* End PBXNativeTarget section */

/* Begin PBXProject section */
		060195F61F3733C300D145E7 /* Project object */ = {
			isa = PBXProject;
			attributes = {
				LastSwiftUpdateCheck = 0830;
				LastUpgradeCheck = 0830;
				ORGANIZATIONNAME = "Lena Lee";
				TargetAttributes = {
					060195FD1F3733C300D145E7 = {
						CreatedOnToolsVersion = 8.3.3;
						DevelopmentTeam = 4E643Y244C;
						ProvisioningStyle = Automatic;
					};
					060196111F3733C300D145E7 = {
						CreatedOnToolsVersion = 8.3.3;
						DevelopmentTeam = 4E643Y244C;
						ProvisioningStyle = Automatic;
						TestTargetID = 060195FD1F3733C300D145E7;
					};
					0601961C1F3733C300D145E7 = {
						CreatedOnToolsVersion = 8.3.3;
						DevelopmentTeam = 4E643Y244C;
						ProvisioningStyle = Automatic;
						TestTargetID = 060195FD1F3733C300D145E7;
					};
				};
			};
			buildConfigurationList = 060195F91F3733C300D145E7 /* Build configuration list for PBXProject "catini" */;
			compatibilityVersion = "Xcode 3.2";
			developmentRegion = English;
			hasScannedForEncodings = 0;
			knownRegions = (
				en,
				Base,
			);
			mainGroup = 060195F51F3733C300D145E7;
			productRefGroup = 060195FF1F3733C300D145E7 /* Products */;
			projectDirPath = "";
			projectRoot = "";
			targets = (
				060195FD1F3733C300D145E7 /* catini */,
				060196111F3733C300D145E7 /* catiniTests */,
				0601961C1F3733C300D145E7 /* catiniUITests */,
			);
		};
/* End PBXProject section */

/* Begin PBXResourcesBuildPhase section */
		060195FC1F3733C300D145E7 /* Resources */ = {
			isa = PBXResourcesBuildPhase;
			buildActionMask = 2147483647;
			files = (
				0601960C1F3733C300D145E7 /* LaunchScreen.storyboard in Resources */,
				060196091F3733C300D145E7 /* Assets.xcassets in Resources */,
				060196071F3733C300D145E7 /* Main.storyboard in Resources */,
			);
			runOnlyForDeploymentPostprocessing = 0;
		};
		060196101F3733C300D145E7 /* Resources */ = {
			isa = PBXResourcesBuildPhase;
			buildActionMask = 2147483647;
			files = (
			);
			runOnlyForDeploymentPostprocessing = 0;
		};
		0601961B1F3733C300D145E7 /* Resources */ = {
			isa = PBXResourcesBuildPhase;
			buildActionMask = 2147483647;
			files = (
			);
			runOnlyForDeploymentPostprocessing = 0;
		};
/* End PBXResourcesBuildPhase section */

/* Begin PBXSourcesBuildPhase section */
		060195FA1F3733C300D145E7 /* Sources */ = {
			isa = PBXSourcesBuildPhase;
			buildActionMask = 2147483647;
			files = (
				060196351F37350F00D145E7 /* ImageViewController.swift in Sources */,
				060196371F3741A900D145E7 /* DemoURL.swift in Sources */,
				060196021F3733C300D145E7 /* AppDelegate.swift in Sources */,
			);
			runOnlyForDeploymentPostprocessing = 0;
		};
		0601960E1F3733C300D145E7 /* Sources */ = {
			isa = PBXSourcesBuildPhase;
			buildActionMask = 2147483647;
			files = (
				060196171F3733C300D145E7 /* catiniTests.swift in Sources */,
			);
			runOnlyForDeploymentPostprocessing = 0;
		};
		060196191F3733C300D145E7 /* Sources */ = {
			isa = PBXSourcesBuildPhase;
			buildActionMask = 2147483647;
			files = (
				060196221F3733C300D145E7 /* catiniUITests.swift in Sources */,
			);
			runOnlyForDeploymentPostprocessing = 0;
		};
/* End PBXSourcesBuildPhase section */

/* Begin PBXTargetDependency section */
		060196141F3733C300D145E7 /* PBXTargetDependency */ = {
			isa = PBXTargetDependency;
			target = 060195FD1F3733C300D145E7 /* catini */;
			targetProxy = 060196131F3733C300D145E7 /* PBXContainerItemProxy */;
		};
		0601961F1F3733C300D145E7 /* PBXTargetDependency */ = {
			isa = PBXTargetDependency;
			target = 060195FD1F3733C300D145E7 /* catini */;
			targetProxy = 0601961E1F3733C300D145E7 /* PBXContainerItemProxy */;
		};
/* End PBXTargetDependency section */

/* Begin PBXVariantGroup section */
		060196051F3733C300D145E7 /* Main.storyboard */ = {
			isa = PBXVariantGroup;
			children = (
				060196061F3733C300D145E7 /* Base */,
			);
			name = Main.storyboard;
			sourceTree = "<group>";
		};
		0601960A1F3733C300D145E7 /* LaunchScreen.storyboard */ = {
			isa = PBXVariantGroup;
			children = (
				0601960B1F3733C300D145E7 /* Base */,
			);
			name = LaunchScreen.storyboard;
			sourceTree = "<group>";
		};
/* End PBXVariantGroup section */

/* Begin XCBuildConfiguration section */
		060196241F3733C300D145E7 /* Debug */ = {
			isa = XCBuildConfiguration;
			buildSettings = {
				ALWAYS_SEARCH_USER_PATHS = NO;
				CLANG_ANALYZER_NONNULL = YES;
				CLANG_ANALYZER_NUMBER_OBJECT_CONVERSION = YES_AGGRESSIVE;
				CLANG_CXX_LANGUAGE_STANDARD = "gnu++0x";
				CLANG_CXX_LIBRARY = "libc++";
				CLANG_ENABLE_MODULES = YES;
				CLANG_ENABLE_OBJC_ARC = YES;
				CLANG_WARN_BOOL_CONVERSION = YES;
				CLANG_WARN_CONSTANT_CONVERSION = YES;
				CLANG_WARN_DIRECT_OBJC_ISA_USAGE = YES_ERROR;
				CLANG_WARN_DOCUMENTATION_COMMENTS = YES;
				CLANG_WARN_EMPTY_BODY = YES;
				CLANG_WARN_ENUM_CONVERSION = YES;
				CLANG_WARN_INFINITE_RECURSION = YES;
				CLANG_WARN_INT_CONVERSION = YES;
				CLANG_WARN_OBJC_ROOT_CLASS = YES_ERROR;
				CLANG_WARN_SUSPICIOUS_MOVE = YES;
				CLANG_WARN_UNREACHABLE_CODE = YES;
				CLANG_WARN__DUPLICATE_METHOD_MATCH = YES;
				"CODE_SIGN_IDENTITY[sdk=iphoneos*]" = "iPhone Developer";
				COPY_PHASE_STRIP = NO;
				DEBUG_INFORMATION_FORMAT = dwarf;
				ENABLE_STRICT_OBJC_MSGSEND = YES;
				ENABLE_TESTABILITY = YES;
				GCC_C_LANGUAGE_STANDARD = gnu99;
				GCC_DYNAMIC_NO_PIC = NO;
				GCC_NO_COMMON_BLOCKS = YES;
				GCC_OPTIMIZATION_LEVEL = 0;
				GCC_PREPROCESSOR_DEFINITIONS = (
					"DEBUG=1",
					"$(inherited)",
				);
				GCC_WARN_64_TO_32_BIT_CONVERSION = YES;
				GCC_WARN_ABOUT_RETURN_TYPE = YES_ERROR;
				GCC_WARN_UNDECLARED_SELECTOR = YES;
				GCC_WARN_UNINITIALIZED_AUTOS = YES_AGGRESSIVE;
				GCC_WARN_UNUSED_FUNCTION = YES;
				GCC_WARN_UNUSED_VARIABLE = YES;
				IPHONEOS_DEPLOYMENT_TARGET = 10.3;
				MTL_ENABLE_DEBUG_INFO = YES;
				ONLY_ACTIVE_ARCH = YES;
				SDKROOT = iphoneos;
				SWIFT_ACTIVE_COMPILATION_CONDITIONS = DEBUG;
				SWIFT_OPTIMIZATION_LEVEL = "-Onone";
				TARGETED_DEVICE_FAMILY = "1,2";
			};
			name = Debug;
		};
		060196251F3733C300D145E7 /* Release */ = {
			isa = XCBuildConfiguration;
			buildSettings = {
				ALWAYS_SEARCH_USER_PATHS = NO;
				CLANG_ANALYZER_NONNULL = YES;
				CLANG_ANALYZER_NUMBER_OBJECT_CONVERSION = YES_AGGRESSIVE;
				CLANG_CXX_LANGUAGE_STANDARD = "gnu++0x";
				CLANG_CXX_LIBRARY = "libc++";
				CLANG_ENABLE_MODULES = YES;
				CLANG_ENABLE_OBJC_ARC = YES;
				CLANG_WARN_BOOL_CONVERSION = YES;
				CLANG_WARN_CONSTANT_CONVERSION = YES;
				CLANG_WARN_DIRECT_OBJC_ISA_USAGE = YES_ERROR;
				CLANG_WARN_DOCUMENTATION_COMMENTS = YES;
				CLANG_WARN_EMPTY_BODY = YES;
				CLANG_WARN_ENUM_CONVERSION = YES;
				CLANG_WARN_INFINITE_RECURSION = YES;
				CLANG_WARN_INT_CONVERSION = YES;
				CLANG_WARN_OBJC_ROOT_CLASS = YES_ERROR;
				CLANG_WARN_SUSPICIOUS_MOVE = YES;
				CLANG_WARN_UNREACHABLE_CODE = YES;
				CLANG_WARN__DUPLICATE_METHOD_MATCH = YES;
				"CODE_SIGN_IDENTITY[sdk=iphoneos*]" = "iPhone Developer";
				COPY_PHASE_STRIP = NO;
				DEBUG_INFORMATION_FORMAT = "dwarf-with-dsym";
				ENABLE_NS_ASSERTIONS = NO;
				ENABLE_STRICT_OBJC_MSGSEND = YES;
				GCC_C_LANGUAGE_STANDARD = gnu99;
				GCC_NO_COMMON_BLOCKS = YES;
				GCC_WARN_64_TO_32_BIT_CONVERSION = YES;
				GCC_WARN_ABOUT_RETURN_TYPE = YES_ERROR;
				GCC_WARN_UNDECLARED_SELECTOR = YES;
				GCC_WARN_UNINITIALIZED_AUTOS = YES_AGGRESSIVE;
				GCC_WARN_UNUSED_FUNCTION = YES;
				GCC_WARN_UNUSED_VARIABLE = YES;
				IPHONEOS_DEPLOYMENT_TARGET = 10.3;
				MTL_ENABLE_DEBUG_INFO = NO;
				SDKROOT = iphoneos;
				SWIFT_OPTIMIZATION_LEVEL = "-Owholemodule";
				TARGETED_DEVICE_FAMILY = "1,2";
				VALIDATE_PRODUCT = YES;
			};
			name = Release;
		};
		060196271F3733C300D145E7 /* Debug */ = {
			isa = XCBuildConfiguration;
			buildSettings = {
				ASSETCATALOG_COMPILER_APPICON_NAME = AppIcon;
				DEVELOPMENT_TEAM = 4E643Y244C;
				INFOPLIST_FILE = catini/Info.plist;
				LD_RUNPATH_SEARCH_PATHS = "$(inherited) @executable_path/Frameworks";
				PRODUCT_BUNDLE_IDENTIFIER = hh.catini;
				PRODUCT_NAME = "$(TARGET_NAME)";
				SWIFT_VERSION = 3.0;
			};
			name = Debug;
		};
		060196281F3733C300D145E7 /* Release */ = {
			isa = XCBuildConfiguration;
			buildSettings = {
				ASSETCATALOG_COMPILER_APPICON_NAME = AppIcon;
				DEVELOPMENT_TEAM = 4E643Y244C;
				INFOPLIST_FILE = catini/Info.plist;
				LD_RUNPATH_SEARCH_PATHS = "$(inherited) @executable_path/Frameworks";
				PRODUCT_BUNDLE_IDENTIFIER = hh.catini;
				PRODUCT_NAME = "$(TARGET_NAME)";
				SWIFT_VERSION = 3.0;
			};
			name = Release;
		};
		0601962A1F3733C300D145E7 /* Debug */ = {
			isa = XCBuildConfiguration;
			buildSettings = {
				ALWAYS_EMBED_SWIFT_STANDARD_LIBRARIES = YES;
				BUNDLE_LOADER = "$(TEST_HOST)";
				DEVELOPMENT_TEAM = 4E643Y244C;
				INFOPLIST_FILE = catiniTests/Info.plist;
				LD_RUNPATH_SEARCH_PATHS = "$(inherited) @executable_path/Frameworks @loader_path/Frameworks";
				PRODUCT_BUNDLE_IDENTIFIER = hh.catiniTests;
				PRODUCT_NAME = "$(TARGET_NAME)";
				SWIFT_VERSION = 3.0;
				TEST_HOST = "$(BUILT_PRODUCTS_DIR)/catini.app/catini";
			};
			name = Debug;
		};
		0601962B1F3733C300D145E7 /* Release */ = {
			isa = XCBuildConfiguration;
			buildSettings = {
				ALWAYS_EMBED_SWIFT_STANDARD_LIBRARIES = YES;
				BUNDLE_LOADER = "$(TEST_HOST)";
				DEVELOPMENT_TEAM = 4E643Y244C;
				INFOPLIST_FILE = catiniTests/Info.plist;
				LD_RUNPATH_SEARCH_PATHS = "$(inherited) @executable_path/Frameworks @loader_path/Frameworks";
				PRODUCT_BUNDLE_IDENTIFIER = hh.catiniTests;
				PRODUCT_NAME = "$(TARGET_NAME)";
				SWIFT_VERSION = 3.0;
				TEST_HOST = "$(BUILT_PRODUCTS_DIR)/catini.app/catini";
			};
			name = Release;
		};
		0601962D1F3733C300D145E7 /* Debug */ = {
			isa = XCBuildConfiguration;
			buildSettings = {
				ALWAYS_EMBED_SWIFT_STANDARD_LIBRARIES = YES;
				DEVELOPMENT_TEAM = 4E643Y244C;
				INFOPLIST_FILE = catiniUITests/Info.plist;
				LD_RUNPATH_SEARCH_PATHS = "$(inherited) @executable_path/Frameworks @loader_path/Frameworks";
				PRODUCT_BUNDLE_IDENTIFIER = hh.catiniUITests;
				PRODUCT_NAME = "$(TARGET_NAME)";
				SWIFT_VERSION = 3.0;
				TEST_TARGET_NAME = catini;
			};
			name = Debug;
		};
		0601962E1F3733C300D145E7 /* Release */ = {
			isa = XCBuildConfiguration;
			buildSettings = {
				ALWAYS_EMBED_SWIFT_STANDARD_LIBRARIES = YES;
				DEVELOPMENT_TEAM = 4E643Y244C;
				INFOPLIST_FILE = catiniUITests/Info.plist;
				LD_RUNPATH_SEARCH_PATHS = "$(inherited) @executable_path/Frameworks @loader_path/Frameworks";
				PRODUCT_BUNDLE_IDENTIFIER = hh.catiniUITests;
				PRODUCT_NAME = "$(TARGET_NAME)";
				SWIFT_VERSION = 3.0;
				TEST_TARGET_NAME = catini;
			};
			name = Release;
		};
/* End XCBuildConfiguration section */

/* Begin XCConfigurationList section */
		060195F91F3733C300D145E7 /* Build configuration list for PBXProject "catini" */ = {
			isa = XCConfigurationList;
			buildConfigurations = (
				060196241F3733C300D145E7 /* Debug */,
				060196251F3733C300D145E7 /* Release */,
			);
			defaultConfigurationIsVisible = 0;
			defaultConfigurationName = Release;
		};
		060196261F3733C300D145E7 /* Build configuration list for PBXNativeTarget "catini" */ = {
			isa = XCConfigurationList;
			buildConfigurations = (
				060196271F3733C300D145E7 /* Debug */,
				060196281F3733C300D145E7 /* Release */,
			);
			defaultConfigurationIsVisible = 0;
		};
		060196291F3733C300D145E7 /* Build configuration list for PBXNativeTarget "catiniTests" */ = {
			isa = XCConfigurationList;
			buildConfigurations = (
				0601962A1F3733C300D145E7 /* Debug */,
				0601962B1F3733C300D145E7 /* Release */,
			);
			defaultConfigurationIsVisible = 0;
		};
		0601962C1F3733C300D145E7 /* Build configuration list for PBXNativeTarget "catiniUITests" */ = {
			isa = XCConfigurationList;
			buildConfigurations = (
				0601962D1F3733C300D145E7 /* Debug */,
				0601962E1F3733C300D145E7 /* Release */,
			);
			defaultConfigurationIsVisible = 0;
		};
/* End XCConfigurationList section */
	};
	rootObject = 060195F61F3733C300D145E7 /* Project object */;
}
